// !$*UTF8*$!
{
	archiveVersion = 1;
	classes = {
	};
	objectVersion = 46;
	objects = {

/* Begin PBXBuildFile section */
		94631E2B1AC097DF00D20BE5 /* AppDelegate.m in Sources */ = {isa = PBXBuildFile; fileRef = 94631E2A1AC097DF00D20BE5 /* AppDelegate.m */; };
		94631E2D1AC097DF00D20BE5 /* main.m in Sources */ = {isa = PBXBuildFile; fileRef = 94631E2C1AC097DF00D20BE5 /* main.m */; };
		94631E2F1AC097DF00D20BE5 /* Images.xcassets in Resources */ = {isa = PBXBuildFile; fileRef = 94631E2E1AC097DF00D20BE5 /* Images.xcassets */; };
		94631E321AC097DF00D20BE5 /* MainMenu.xib in Resources */ = {isa = PBXBuildFile; fileRef = 94631E301AC097DF00D20BE5 /* MainMenu.xib */; };
		94631E3E1AC097DF00D20BE5 /* osx_netflixTests.m in Sources */ = {isa = PBXBuildFile; fileRef = 94631E3D1AC097DF00D20BE5 /* osx_netflixTests.m */; };
		94631E481AC0996400D20BE5 /* WebKit in Frameworks */ = {isa = PBXBuildFile; fileRef = 94631E471AC0996400D20BE5 /* WebKit */; };
/* End PBXBuildFile section */

/* Begin PBXContainerItemProxy section */
		94631E381AC097DF00D20BE5 /* PBXContainerItemProxy */ = {
			isa = PBXContainerItemProxy;
			containerPortal = 94631E1C1AC097DF00D20BE5 /* Project object */;
			proxyType = 1;
			remoteGlobalIDString = 94631E231AC097DF00D20BE5;
			remoteInfo = "osx-netflix";
		};
/* End PBXContainerItemProxy section */

/* Begin PBXFileReference section */
		94631E241AC097DF00D20BE5 /* osx-netflix.app */ = {isa = PBXFileReference; explicitFileType = wrapper.application; includeInIndex = 0; path = "osx-netflix.app"; sourceTree = BUILT_PRODUCTS_DIR; };
		94631E281AC097DF00D20BE5 /* Info.plist */ = {isa = PBXFileReference; lastKnownFileType = text.plist.xml; path = Info.plist; sourceTree = "<group>"; };
		94631E291AC097DF00D20BE5 /* AppDelegate.h */ = {isa = PBXFileReference; lastKnownFileType = sourcecode.c.h; path = AppDelegate.h; sourceTree = "<group>"; };
		94631E2A1AC097DF00D20BE5 /* AppDelegate.m */ = {isa = PBXFileReference; lastKnownFileType = sourcecode.c.objc; path = AppDelegate.m; sourceTree = "<group>"; };
		94631E2C1AC097DF00D20BE5 /* main.m */ = {isa = PBXFileReference; lastKnownFileType = sourcecode.c.objc; path = main.m; sourceTree = "<group>"; };
		94631E2E1AC097DF00D20BE5 /* Images.xcassets */ = {isa = PBXFileReference; lastKnownFileType = folder.assetcatalog; path = Images.xcassets; sourceTree = "<group>"; };
		94631E311AC097DF00D20BE5 /* Base */ = {isa = PBXFileReference; lastKnownFileType = file.xib; name = Base; path = Base.lproj/MainMenu.xib; sourceTree = "<group>"; };
		94631E371AC097DF00D20BE5 /* osx-netflixTests.xctest */ = {isa = PBXFileReference; explicitFileType = wrapper.cfbundle; includeInIndex = 0; path = "osx-netflixTests.xctest"; sourceTree = BUILT_PRODUCTS_DIR; };
		94631E3C1AC097DF00D20BE5 /* Info.plist */ = {isa = PBXFileReference; lastKnownFileType = text.plist.xml; path = Info.plist; sourceTree = "<group>"; };
		94631E3D1AC097DF00D20BE5 /* osx_netflixTests.m */ = {isa = PBXFileReference; lastKnownFileType = sourcecode.c.objc; path = osx_netflixTests.m; sourceTree = "<group>"; };
		94631E471AC0996400D20BE5 /* WebKit */ = {isa = PBXFileReference; lastKnownFileType = "compiled.mach-o.dylib"; path = WebKit; sourceTree = "<group>"; };
/* End PBXFileReference section */

/* Begin PBXFrameworksBuildPhase section */
		94631E211AC097DF00D20BE5 /* Frameworks */ = {
			isa = PBXFrameworksBuildPhase;
			buildActionMask = 2147483647;
			files = (
				94631E481AC0996400D20BE5 /* WebKit in Frameworks */,
			);
			runOnlyForDeploymentPostprocessing = 0;
		};
		94631E341AC097DF00D20BE5 /* Frameworks */ = {
			isa = PBXFrameworksBuildPhase;
			buildActionMask = 2147483647;
			files = (
			);
			runOnlyForDeploymentPostprocessing = 0;
		};
/* End PBXFrameworksBuildPhase section */

/* Begin PBXGroup section */
		94631E1B1AC097DF00D20BE5 = {
			isa = PBXGroup;
			children = (
				94631E261AC097DF00D20BE5 /* osx-netflix */,
				94631E3A1AC097DF00D20BE5 /* osx-netflixTests */,
				94631E251AC097DF00D20BE5 /* Products */,
			);
			sourceTree = "<group>";
		};
		94631E251AC097DF00D20BE5 /* Products */ = {
			isa = PBXGroup;
			children = (
				94631E241AC097DF00D20BE5 /* osx-netflix.app */,
				94631E371AC097DF00D20BE5 /* osx-netflixTests.xctest */,
			);
			name = Products;
			sourceTree = "<group>";
		};
		94631E261AC097DF00D20BE5 /* osx-netflix */ = {
			isa = PBXGroup;
			children = (
				94631E291AC097DF00D20BE5 /* AppDelegate.h */,
				94631E2A1AC097DF00D20BE5 /* AppDelegate.m */,
				94631E2E1AC097DF00D20BE5 /* Images.xcassets */,
				94631E301AC097DF00D20BE5 /* MainMenu.xib */,
				94631E271AC097DF00D20BE5 /* Supporting Files */,
			);
			path = "osx-netflix";
			sourceTree = "<group>";
		};
		94631E271AC097DF00D20BE5 /* Supporting Files */ = {
			isa = PBXGroup;
			children = (
				94631E471AC0996400D20BE5 /* WebKit */,
				94631E281AC097DF00D20BE5 /* Info.plist */,
				94631E2C1AC097DF00D20BE5 /* main.m */,
			);
			name = "Supporting Files";
			sourceTree = "<group>";
		};
		94631E3A1AC097DF00D20BE5 /* osx-netflixTests */ = {
			isa = PBXGroup;
			children = (
				94631E3D1AC097DF00D20BE5 /* osx_netflixTests.m */,
				94631E3B1AC097DF00D20BE5 /* Supporting Files */,
			);
			path = "osx-netflixTests";
			sourceTree = "<group>";
		};
		94631E3B1AC097DF00D20BE5 /* Supporting Files */ = {
			isa = PBXGroup;
			children = (
				94631E3C1AC097DF00D20BE5 /* Info.plist */,
			);
			name = "Supporting Files";
			sourceTree = "<group>";
		};
/* End PBXGroup section */

/* Begin PBXNativeTarget section */
		94631E231AC097DF00D20BE5 /* osx-netflix */ = {
			isa = PBXNativeTarget;
			buildConfigurationList = 94631E411AC097DF00D20BE5 /* Build configuration list for PBXNativeTarget "osx-netflix" */;
			buildPhases = (
				94631E201AC097DF00D20BE5 /* Sources */,
				94631E211AC097DF00D20BE5 /* Frameworks */,
				94631E221AC097DF00D20BE5 /* Resources */,
			);
			buildRules = (
			);
			dependencies = (
			);
			name = "osx-netflix";
			productName = "osx-netflix";
			productReference = 94631E241AC097DF00D20BE5 /* osx-netflix.app */;
			productType = "com.apple.product-type.application";
		};
		94631E361AC097DF00D20BE5 /* osx-netflixTests */ = {
			isa = PBXNativeTarget;
			buildConfigurationList = 94631E441AC097DF00D20BE5 /* Build configuration list for PBXNativeTarget "osx-netflixTests" */;
			buildPhases = (
				94631E331AC097DF00D20BE5 /* Sources */,
				94631E341AC097DF00D20BE5 /* Frameworks */,
				94631E351AC097DF00D20BE5 /* Resources */,
			);
			buildRules = (
			);
			dependencies = (
				94631E391AC097DF00D20BE5 /* PBXTargetDependency */,
			);
			name = "osx-netflixTests";
			productName = "osx-netflixTests";
			productReference = 94631E371AC097DF00D20BE5 /* osx-netflixTests.xctest */;
			productType = "com.apple.product-type.bundle.unit-test";
		};
/* End PBXNativeTarget section */

/* Begin PBXProject section */
		94631E1C1AC097DF00D20BE5 /* Project object */ = {
			isa = PBXProject;
			attributes = {
				LastUpgradeCheck = 0620;
				ORGANIZATIONNAME = zsyslog;
				TargetAttributes = {
					94631E231AC097DF00D20BE5 = {
						CreatedOnToolsVersion = 6.2;
					};
					94631E361AC097DF00D20BE5 = {
						CreatedOnToolsVersion = 6.2;
						TestTargetID = 94631E231AC097DF00D20BE5;
					};
				};
			};
			buildConfigurationList = 94631E1F1AC097DF00D20BE5 /* Build configuration list for PBXProject "osx-netflix" */;
			compatibilityVersion = "Xcode 3.2";
			developmentRegion = English;
			hasScannedForEncodings = 0;
			knownRegions = (
				en,
				Base,
			);
			mainGroup = 94631E1B1AC097DF00D20BE5;
			productRefGroup = 94631E251AC097DF00D20BE5 /* Products */;
			projectDirPath = "";
			projectRoot = "";
			targets = (
				94631E231AC097DF00D20BE5 /* osx-netflix */,
				94631E361AC097DF00D20BE5 /* osx-netflixTests */,
			);
		};
/* End PBXProject section */

/* Begin PBXResourcesBuildPhase section */
		94631E221AC097DF00D20BE5 /* Resources */ = {
			isa = PBXResourcesBuildPhase;
			buildActionMask = 2147483647;
			files = (
				94631E2F1AC097DF00D20BE5 /* Images.xcassets in Resources */,
				94631E321AC097DF00D20BE5 /* MainMenu.xib in Resources */,
			);
			runOnlyForDeploymentPostprocessing = 0;
		};
		94631E351AC097DF00D20BE5 /* Resources */ = {
			isa = PBXResourcesBuildPhase;
			buildActionMask = 2147483647;
			files = (
			);
			runOnlyForDeploymentPostprocessing = 0;
		};
/* End PBXResourcesBuildPhase section */

/* Begin PBXSourcesBuildPhase section */
		94631E201AC097DF00D20BE5 /* Sources */ = {
			isa = PBXSourcesBuildPhase;
			buildActionMask = 2147483647;
			files = (
				94631E2D1AC097DF00D20BE5 /* main.m in Sources */,
				94631E2B1AC097DF00D20BE5 /* AppDelegate.m in Sources */,
			);
			runOnlyForDeploymentPostprocessing = 0;
		};
		94631E331AC097DF00D20BE5 /* Sources */ = {
			isa = PBXSourcesBuildPhase;
			buildActionMask = 2147483647;
			files = (
				94631E3E1AC097DF00D20BE5 /* osx_netflixTests.m in Sources */,
			);
			runOnlyForDeploymentPostprocessing = 0;
		};
/* End PBXSourcesBuildPhase section */

/* Begin PBXTargetDependency section */
		94631E391AC097DF00D20BE5 /* PBXTargetDependency */ = {
			isa = PBXTargetDependency;
			target = 94631E231AC097DF00D20BE5 /* osx-netflix */;
			targetProxy = 94631E381AC097DF00D20BE5 /* PBXContainerItemProxy */;
		};
/* End PBXTargetDependency section */

/* Begin PBXVariantGroup section */
		94631E301AC097DF00D20BE5 /* MainMenu.xib */ = {
			isa = PBXVariantGroup;
			children = (
				94631E311AC097DF00D20BE5 /* Base */,
			);
			name = MainMenu.xib;
			sourceTree = "<group>";
		};
/* End PBXVariantGroup section */

/* Begin XCBuildConfiguration section */
		94631E3F1AC097DF00D20BE5 /* Debug */ = {
			isa = XCBuildConfiguration;
			buildSettings = {
				ALWAYS_SEARCH_USER_PATHS = NO;
				CLANG_CXX_LANGUAGE_STANDARD = "gnu++0x";
				CLANG_CXX_LIBRARY = "libc++";
				CLANG_ENABLE_MODULES = YES;
				CLANG_ENABLE_OBJC_ARC = YES;
				CLANG_WARN_BOOL_CONVERSION = YES;
				CLANG_WARN_CONSTANT_CONVERSION = YES;
				CLANG_WARN_DIRECT_OBJC_ISA_USAGE = YES_ERROR;
				CLANG_WARN_EMPTY_BODY = YES;
				CLANG_WARN_ENUM_CONVERSION = YES;
				CLANG_WARN_INT_CONVERSION = YES;
				CLANG_WARN_OBJC_ROOT_CLASS = YES_ERROR;
				CLANG_WARN_UNREACHABLE_CODE = YES;
				CLANG_WARN__DUPLICATE_METHOD_MATCH = YES;
				CODE_SIGN_IDENTITY = "-";
				COPY_PHASE_STRIP = NO;
				ENABLE_STRICT_OBJC_MSGSEND = YES;
				GCC_C_LANGUAGE_STANDARD = gnu99;
				GCC_DYNAMIC_NO_PIC = NO;
				GCC_OPTIMIZATION_LEVEL = 0;
				GCC_PREPROCESSOR_DEFINITIONS = (
					"DEBUG=1",
					"$(inherited)",
				);
				GCC_SYMBOLS_PRIVATE_EXTERN = NO;
				GCC_WARN_64_TO_32_BIT_CONVERSION = YES;
				GCC_WARN_ABOUT_RETURN_TYPE = YES_ERROR;
				GCC_WARN_UNDECLARED_SELECTOR = YES;
				GCC_WARN_UNINITIALIZED_AUTOS = YES_AGGRESSIVE;
				GCC_WARN_UNUSED_FUNCTION = YES;
				GCC_WARN_UNUSED_VARIABLE = YES;
				MACOSX_DEPLOYMENT_TARGET = 10.10;
				MTL_ENABLE_DEBUG_INFO = YES;
				ONLY_ACTIVE_ARCH = YES;
				SDKROOT = macosx;
			};
			name = Debug;
		};
		94631E401AC097DF00D20BE5 /* Release */ = {
			isa = XCBuildConfiguration;
			buildSettings = {
				ALWAYS_SEARCH_USER_PATHS = NO;
				CLANG_CXX_LANGUAGE_STANDARD = "gnu++0x";
				CLANG_CXX_LIBRARY = "libc++";
				CLANG_ENABLE_MODULES = YES;
				CLANG_ENABLE_OBJC_ARC = YES;
				CLANG_WARN_BOOL_CONVERSION = YES;
				CLANG_WARN_CONSTANT_CONVERSION = YES;
				CLANG_WARN_DIRECT_OBJC_ISA_USAGE = YES_ERROR;
				CLANG_WARN_EMPTY_BODY = YES;
				CLANG_WARN_ENUM_CONVERSION = YES;
				CLANG_WARN_INT_CONVERSION = YES;
				CLANG_WARN_OBJC_ROOT_CLASS = YES_ERROR;
				CLANG_WARN_UNREACHABLE_CODE = YES;
				CLANG_WARN__DUPLICATE_METHOD_MATCH = YES;
				CODE_SIGN_IDENTITY = "-";
				COPY_PHASE_STRIP = NO;
				DEBUG_INFORMATION_FORMAT = "dwarf-with-dsym";
				ENABLE_NS_ASSERTIONS = NO;
				ENABLE_STRICT_OBJC_MSGSEND = YES;
				GCC_C_LANGUAGE_STANDARD = gnu99;
				GCC_WARN_64_TO_32_BIT_CONVERSION = YES;
				GCC_WARN_ABOUT_RETURN_TYPE = YES_ERROR;
				GCC_WARN_UNDECLARED_SELECTOR = YES;
				GCC_WARN_UNINITIALIZED_AUTOS = YES_AGGRESSIVE;
				GCC_WARN_UNUSED_FUNCTION = YES;
				GCC_WARN_UNUSED_VARIABLE = YES;
				MACOSX_DEPLOYMENT_TARGET = 10.10;
				MTL_ENABLE_DEBUG_INFO = NO;
				SDKROOT = macosx;
			};
			name = Release;
		};
		94631E421AC097DF00D20BE5 /* Debug */ = {
			isa = XCBuildConfiguration;
			buildSettings = {
				ASSETCATALOG_COMPILER_APPICON_NAME = AppIcon;
				COMBINE_HIDPI_IMAGES = YES;
				INFOPLIST_FILE = "osx-netflix/Info.plist";
				LD_RUNPATH_SEARCH_PATHS = "$(inherited) @executable_path/../Frameworks";
				LIBRARY_SEARCH_PATHS = (
					"$(inherited)",
					"$(PROJECT_DIR)/osx-netflix",
				);
				PRODUCT_NAME = "$(TARGET_NAME)";
			};
			name = Debug;
		};
		94631E431AC097DF00D20BE5 /* Release */ = {
			isa = XCBuildConfiguration;
			buildSettings = {
				ASSETCATALOG_COMPILER_APPICON_NAME = AppIcon;
				COMBINE_HIDPI_IMAGES = YES;
				INFOPLIST_FILE = "osx-netflix/Info.plist";
				LD_RUNPATH_SEARCH_PATHS = "$(inherited) @executable_path/../Frameworks";
				LIBRARY_SEARCH_PATHS = (
					"$(inherited)",
					"$(PROJECT_DIR)/osx-netflix",
				);
				PRODUCT_NAME = "$(TARGET_NAME)";
			};
			name = Release;
		};
		94631E451AC097DF00D20BE5 /* Debug */ = {
			isa = XCBuildConfiguration;
			buildSettings = {
				BUNDLE_LOADER = "$(TEST_HOST)";
				COMBINE_HIDPI_IMAGES = YES;
				FRAMEWORK_SEARCH_PATHS = (
					"$(DEVELOPER_FRAMEWORKS_DIR)",
					"$(inherited)",
				);
				GCC_PREPROCESSOR_DEFINITIONS = (
					"DEBUG=1",
					"$(inherited)",
				);
				INFOPLIST_FILE = "osx-netflixTests/Info.plist";
				LD_RUNPATH_SEARCH_PATHS = "$(inherited) @executable_path/../Frameworks @loader_path/../Frameworks";
				PRODUCT_NAME = "$(TARGET_NAME)";
				TEST_HOST = "$(BUILT_PRODUCTS_DIR)/osx-netflix.app/Contents/MacOS/osx-netflix";
			};
			name = Debug;
		};
		94631E461AC097DF00D20BE5 /* Release */ = {
			isa = XCBuildConfiguration;
			buildSettings = {
				BUNDLE_LOADER = "$(TEST_HOST)";
				COMBINE_HIDPI_IMAGES = YES;
				FRAMEWORK_SEARCH_PATHS = (
					"$(DEVELOPER_FRAMEWORKS_DIR)",
					"$(inherited)",
				);
				INFOPLIST_FILE = "osx-netflixTests/Info.plist";
				LD_RUNPATH_SEARCH_PATHS = "$(inherited) @executable_path/../Frameworks @loader_path/../Frameworks";
				PRODUCT_NAME = "$(TARGET_NAME)";
				TEST_HOST = "$(BUILT_PRODUCTS_DIR)/osx-netflix.app/Contents/MacOS/osx-netflix";
			};
			name = Release;
		};
/* End XCBuildConfiguration section */

/* Begin XCConfigurationList section */
		94631E1F1AC097DF00D20BE5 /* Build configuration list for PBXProject "osx-netflix" */ = {
			isa = XCConfigurationList;
			buildConfigurations = (
				94631E3F1AC097DF00D20BE5 /* Debug */,
				94631E401AC097DF00D20BE5 /* Release */,
			);
			defaultConfigurationIsVisible = 0;
			defaultConfigurationName = Release;
		};
		94631E411AC097DF00D20BE5 /* Build configuration list for PBXNativeTarget "osx-netflix" */ = {
			isa = XCConfigurationList;
			buildConfigurations = (
				94631E421AC097DF00D20BE5 /* Debug */,
				94631E431AC097DF00D20BE5 /* Release */,
			);
			defaultConfigurationIsVisible = 0;
		};
		94631E441AC097DF00D20BE5 /* Build configuration list for PBXNativeTarget "osx-netflixTests" */ = {
			isa = XCConfigurationList;
			buildConfigurations = (
				94631E451AC097DF00D20BE5 /* Debug */,
				94631E461AC097DF00D20BE5 /* Release */,
			);
			defaultConfigurationIsVisible = 0;
		};
/* End XCConfigurationList section */
	};
	rootObject = 94631E1C1AC097DF00D20BE5 /* Project object */;
}
